
Microsoft Visual Studio Solution File, Format Version 12.00
# Visual Studio Version 16
VisualStudioVersion = 16.0.30128.74
MinimumVisualStudioVersion = 10.0.40219.1
Project("{FAE04EC0-301F-11D3-BF4B-00C04F79EFBC}") = "UnitTestingInCSharpCourse", "UnitTestingInCSharpCourse\UnitTestingInCSharpCourse.csproj", "{C765233D-E6B9-44D3-8E51-A44B8A28BEAA}"
EndProject
Global
	GlobalSection(SolutionConfigurationPlatforms) = preSolution
		Debug|Any CPU = Debug|Any CPU
		Release|Any CPU = Release|Any CPU
	EndGlobalSection
	GlobalSection(ProjectConfigurationPlatforms) = postSolution
		{C765233D-E6B9-44D3-8E51-A44B8A28BEAA}.Debug|Any CPU.ActiveCfg = Debug|Any CPU
		{C765233D-E6B9-44D3-8E51-A44B8A28BEAA}.Debug|Any CPU.Build.0 = Debug|Any CPU
		{C765233D-E6B9-44D3-8E51-A44B8A28BEAA}.Release|Any CPU.ActiveCfg = Release|Any CPU
		{C765233D-E6B9-44D3-8E51-A44B8A28BEAA}.Release|Any CPU.Build.0 = Release|Any CPU
	EndGlobalSection
	GlobalSection(SolutionProperties) = preSolution
		HideSolutionNode = FALSE
	EndGlobalSection
	GlobalSection(ExtensibilityGlobals) = postSolution
		SolutionGuid = {304D341B-7849-4908-8A84-E75D7CE4DA6D}
	EndGlobalSection
EndGlobal
